<Solution>
  <Project Path="AgendaDoVale.API/AgendaDoVale.API.csproj" Id="326f8820-267b-4742-9bdc-b006f8f26e94" />
  <Project Path="AgendaDoVale.Aplication/AgendaDoVale.Aplication.csproj" Id="6c8dcd86-c79d-4d76-a08f-0482801b7124" />
  <Project Path="AgendaDoVale.Domain/AgendaDoVale.Domain.csproj" Id="3ab80edf-f28a-49c4-9ccf-327225245b8c" />
  <Project Path="AgendaDoVale.Repositorio/AgendaDoVale.Infraestructure.csproj" Id="05eca787-f9f4-4887-9d23-062e6b2d8eb1" />
</Solution>
